// !$*UTF8*$!
{
	archiveVersion = 1;
	classes = {
	};
	objectVersion = 46;
	objects = {

/* Begin PBXBuildFile section */
		74871651971D84187328E3E1 /* libPods-OC-Testbed.a in Frameworks */ = {isa = PBXBuildFile; fileRef = D93C5960EB32A2B930613AEE /* libPods-OC-Testbed.a */; };
		ED02CF731DBA1E0C0066330D /* main.m in Sources */ = {isa = PBXBuildFile; fileRef = ED02CF721DBA1E0C0066330D /* main.m */; };
		ED02CF761DBA1E0C0066330D /* AppDelegate.m in Sources */ = {isa = PBXBuildFile; fileRef = ED02CF751DBA1E0C0066330D /* AppDelegate.m */; };
		ED02CF791DBA1E0C0066330D /* TestViewController.m in Sources */ = {isa = PBXBuildFile; fileRef = ED02CF781DBA1E0C0066330D /* TestViewController.m */; };
		ED02CF7C1DBA1E0C0066330D /* Main.storyboard in Resources */ = {isa = PBXBuildFile; fileRef = ED02CF7A1DBA1E0C0066330D /* Main.storyboard */; };
		ED02CF7E1DBA1E0C0066330D /* Assets.xcassets in Resources */ = {isa = PBXBuildFile; fileRef = ED02CF7D1DBA1E0C0066330D /* Assets.xcassets */; };
		ED02CF811DBA1E0C0066330D /* LaunchScreen.storyboard in Resources */ = {isa = PBXBuildFile; fileRef = ED02CF7F1DBA1E0C0066330D /* LaunchScreen.storyboard */; };
		ED02CF8C1DBA1E0C0066330D /* OC_TestbedTests.m in Sources */ = {isa = PBXBuildFile; fileRef = ED02CF8B1DBA1E0C0066330D /* OC_TestbedTests.m */; };
		ED02CF981DBA20C40066330D /* CapitalizeManager.m in Sources */ = {isa = PBXBuildFile; fileRef = ED02CF971DBA20C40066330D /* CapitalizeManager.m */; };
		FD5D2C7487FB1B8CA14033D0 /* libPods-OC-TestbedTests.a in Frameworks */ = {isa = PBXBuildFile; fileRef = 2FE1F8CDCF721FDD90B00DFA /* libPods-OC-TestbedTests.a */; };
/* End PBXBuildFile section */

/* Begin PBXContainerItemProxy section */
		ED02CF881DBA1E0C0066330D /* PBXContainerItemProxy */ = {
			isa = PBXContainerItemProxy;
			containerPortal = ED02CF661DBA1E0C0066330D /* Project object */;
			proxyType = 1;
			remoteGlobalIDString = ED02CF6D1DBA1E0C0066330D;
			remoteInfo = "OC-Testbed";
		};
/* End PBXContainerItemProxy section */

/* Begin PBXFileReference section */
		12DE0264EE6C934BD8655635 /* Pods-OC-Testbed.release.xcconfig */ = {isa = PBXFileReference; includeInIndex = 1; lastKnownFileType = text.xcconfig; name = "Pods-OC-Testbed.release.xcconfig"; path = "Pods/Target Support Files/Pods-OC-Testbed/Pods-OC-Testbed.release.xcconfig"; sourceTree = "<group>"; };
		2FE1F8CDCF721FDD90B00DFA /* libPods-OC-TestbedTests.a */ = {isa = PBXFileReference; explicitFileType = archive.ar; includeInIndex = 0; path = "libPods-OC-TestbedTests.a"; sourceTree = BUILT_PRODUCTS_DIR; };
		659D4681F847A86775D8597C /* Pods-OC-TestbedTests.debug.xcconfig */ = {isa = PBXFileReference; includeInIndex = 1; lastKnownFileType = text.xcconfig; name = "Pods-OC-TestbedTests.debug.xcconfig"; path = "Pods/Target Support Files/Pods-OC-TestbedTests/Pods-OC-TestbedTests.debug.xcconfig"; sourceTree = "<group>"; };
		73C4807DA2D512BB63E7B118 /* Pods-OC-Testbed.debug.xcconfig */ = {isa = PBXFileReference; includeInIndex = 1; lastKnownFileType = text.xcconfig; name = "Pods-OC-Testbed.debug.xcconfig"; path = "Pods/Target Support Files/Pods-OC-Testbed/Pods-OC-Testbed.debug.xcconfig"; sourceTree = "<group>"; };
		D93C5960EB32A2B930613AEE /* libPods-OC-Testbed.a */ = {isa = PBXFileReference; explicitFileType = archive.ar; includeInIndex = 0; path = "libPods-OC-Testbed.a"; sourceTree = BUILT_PRODUCTS_DIR; };
		ED02CF6E1DBA1E0C0066330D /* OC-Testbed.app */ = {isa = PBXFileReference; explicitFileType = wrapper.application; includeInIndex = 0; path = "OC-Testbed.app"; sourceTree = BUILT_PRODUCTS_DIR; };
		ED02CF721DBA1E0C0066330D /* main.m */ = {isa = PBXFileReference; lastKnownFileType = sourcecode.c.objc; path = main.m; sourceTree = "<group>"; };
		ED02CF741DBA1E0C0066330D /* AppDelegate.h */ = {isa = PBXFileReference; lastKnownFileType = sourcecode.c.h; path = AppDelegate.h; sourceTree = "<group>"; };
		ED02CF751DBA1E0C0066330D /* AppDelegate.m */ = {isa = PBXFileReference; lastKnownFileType = sourcecode.c.objc; path = AppDelegate.m; sourceTree = "<group>"; };
		ED02CF771DBA1E0C0066330D /* TestViewController.h */ = {isa = PBXFileReference; lastKnownFileType = sourcecode.c.h; path = TestViewController.h; sourceTree = "<group>"; };
		ED02CF781DBA1E0C0066330D /* TestViewController.m */ = {isa = PBXFileReference; lastKnownFileType = sourcecode.c.objc; path = TestViewController.m; sourceTree = "<group>"; };
		ED02CF7B1DBA1E0C0066330D /* Base */ = {isa = PBXFileReference; lastKnownFileType = file.storyboard; name = Base; path = Base.lproj/Main.storyboard; sourceTree = "<group>"; };
		ED02CF7D1DBA1E0C0066330D /* Assets.xcassets */ = {isa = PBXFileReference; lastKnownFileType = folder.assetcatalog; path = Assets.xcassets; sourceTree = "<group>"; };
		ED02CF801DBA1E0C0066330D /* Base */ = {isa = PBXFileReference; lastKnownFileType = file.storyboard; name = Base; path = Base.lproj/LaunchScreen.storyboard; sourceTree = "<group>"; };
		ED02CF821DBA1E0C0066330D /* Info.plist */ = {isa = PBXFileReference; lastKnownFileType = text.plist.xml; path = Info.plist; sourceTree = "<group>"; };
		ED02CF871DBA1E0C0066330D /* OC-TestbedTests.xctest */ = {isa = PBXFileReference; explicitFileType = wrapper.cfbundle; includeInIndex = 0; path = "OC-TestbedTests.xctest"; sourceTree = BUILT_PRODUCTS_DIR; };
		ED02CF8B1DBA1E0C0066330D /* OC_TestbedTests.m */ = {isa = PBXFileReference; lastKnownFileType = sourcecode.c.objc; path = OC_TestbedTests.m; sourceTree = "<group>"; };
		ED02CF8D1DBA1E0C0066330D /* Info.plist */ = {isa = PBXFileReference; lastKnownFileType = text.plist.xml; path = Info.plist; sourceTree = "<group>"; };
		ED02CF961DBA20C40066330D /* CapitalizeManager.h */ = {isa = PBXFileReference; fileEncoding = 4; lastKnownFileType = sourcecode.c.h; path = CapitalizeManager.h; sourceTree = "<group>"; };
		ED02CF971DBA20C40066330D /* CapitalizeManager.m */ = {isa = PBXFileReference; fileEncoding = 4; lastKnownFileType = sourcecode.c.objc; path = CapitalizeManager.m; sourceTree = "<group>"; };
		FADA307B993E513FEC6085C6 /* Pods-OC-TestbedTests.release.xcconfig */ = {isa = PBXFileReference; includeInIndex = 1; lastKnownFileType = text.xcconfig; name = "Pods-OC-TestbedTests.release.xcconfig"; path = "Pods/Target Support Files/Pods-OC-TestbedTests/Pods-OC-TestbedTests.release.xcconfig"; sourceTree = "<group>"; };
/* End PBXFileReference section */

/* Begin PBXFrameworksBuildPhase section */
		ED02CF6B1DBA1E0C0066330D /* Frameworks */ = {
			isa = PBXFrameworksBuildPhase;
			buildActionMask = 2147483647;
			files = (
				74871651971D84187328E3E1 /* libPods-OC-Testbed.a in Frameworks */,
			);
			runOnlyForDeploymentPostprocessing = 0;
		};
		ED02CF841DBA1E0C0066330D /* Frameworks */ = {
			isa = PBXFrameworksBuildPhase;
			buildActionMask = 2147483647;
			files = (
				FD5D2C7487FB1B8CA14033D0 /* libPods-OC-TestbedTests.a in Frameworks */,
			);
			runOnlyForDeploymentPostprocessing = 0;
		};
/* End PBXFrameworksBuildPhase section */

/* Begin PBXGroup section */
		467D6A70864782E53A9D488E /* Pods */ = {
			isa = PBXGroup;
			children = (
				73C4807DA2D512BB63E7B118 /* Pods-OC-Testbed.debug.xcconfig */,
				12DE0264EE6C934BD8655635 /* Pods-OC-Testbed.release.xcconfig */,
				659D4681F847A86775D8597C /* Pods-OC-TestbedTests.debug.xcconfig */,
				FADA307B993E513FEC6085C6 /* Pods-OC-TestbedTests.release.xcconfig */,
			);
			name = Pods;
			sourceTree = "<group>";
		};
		E64F7131261919A1A05C4521 /* Frameworks */ = {
			isa = PBXGroup;
			children = (
				D93C5960EB32A2B930613AEE /* libPods-OC-Testbed.a */,
				2FE1F8CDCF721FDD90B00DFA /* libPods-OC-TestbedTests.a */,
			);
			name = Frameworks;
			sourceTree = "<group>";
		};
		ED02CF651DBA1E0C0066330D = {
			isa = PBXGroup;
			children = (
				ED02CF701DBA1E0C0066330D /* OC-Testbed */,
				ED02CF8A1DBA1E0C0066330D /* OC-TestbedTests */,
				ED02CF6F1DBA1E0C0066330D /* Products */,
				467D6A70864782E53A9D488E /* Pods */,
				E64F7131261919A1A05C4521 /* Frameworks */,
			);
			sourceTree = "<group>";
		};
		ED02CF6F1DBA1E0C0066330D /* Products */ = {
			isa = PBXGroup;
			children = (
				ED02CF6E1DBA1E0C0066330D /* OC-Testbed.app */,
				ED02CF871DBA1E0C0066330D /* OC-TestbedTests.xctest */,
			);
			name = Products;
			sourceTree = "<group>";
		};
		ED02CF701DBA1E0C0066330D /* OC-Testbed */ = {
			isa = PBXGroup;
			children = (
				ED02CF741DBA1E0C0066330D /* AppDelegate.h */,
				ED02CF751DBA1E0C0066330D /* AppDelegate.m */,
				ED02CF771DBA1E0C0066330D /* TestViewController.h */,
				ED02CF781DBA1E0C0066330D /* TestViewController.m */,
				ED02CF7A1DBA1E0C0066330D /* Main.storyboard */,
				ED02CF7D1DBA1E0C0066330D /* Assets.xcassets */,
				ED02CF7F1DBA1E0C0066330D /* LaunchScreen.storyboard */,
				ED02CF821DBA1E0C0066330D /* Info.plist */,
				ED02CF711DBA1E0C0066330D /* Supporting Files */,
				ED02CF961DBA20C40066330D /* CapitalizeManager.h */,
				ED02CF971DBA20C40066330D /* CapitalizeManager.m */,
			);
			path = "OC-Testbed";
			sourceTree = "<group>";
		};
		ED02CF711DBA1E0C0066330D /* Supporting Files */ = {
			isa = PBXGroup;
			children = (
				ED02CF721DBA1E0C0066330D /* main.m */,
			);
			name = "Supporting Files";
			sourceTree = "<group>";
		};
		ED02CF8A1DBA1E0C0066330D /* OC-TestbedTests */ = {
			isa = PBXGroup;
			children = (
				ED02CF8B1DBA1E0C0066330D /* OC_TestbedTests.m */,
				ED02CF8D1DBA1E0C0066330D /* Info.plist */,
			);
			path = "OC-TestbedTests";
			sourceTree = "<group>";
		};
/* End PBXGroup section */

/* Begin PBXNativeTarget section */
		ED02CF6D1DBA1E0C0066330D /* OC-Testbed */ = {
			isa = PBXNativeTarget;
			buildConfigurationList = ED02CF901DBA1E0C0066330D /* Build configuration list for PBXNativeTarget "OC-Testbed" */;
			buildPhases = (
				63D941B91EF4A13B10100E4E /* [CP] Check Pods Manifest.lock */,
				ED02CF6A1DBA1E0C0066330D /* Sources */,
				ED02CF6B1DBA1E0C0066330D /* Frameworks */,
				ED02CF6C1DBA1E0C0066330D /* Resources */,
				DCF9A167A351D1988518897D /* [CP] Embed Pods Frameworks */,
				1FF8E8D600A6FDCB5B149EA0 /* [CP] Copy Pods Resources */,
			);
			buildRules = (
			);
			dependencies = (
			);
			name = "OC-Testbed";
			productName = "OC-Testbed";
			productReference = ED02CF6E1DBA1E0C0066330D /* OC-Testbed.app */;
			productType = "com.apple.product-type.application";
		};
		ED02CF861DBA1E0C0066330D /* OC-TestbedTests */ = {
			isa = PBXNativeTarget;
			buildConfigurationList = ED02CF931DBA1E0C0066330D /* Build configuration list for PBXNativeTarget "OC-TestbedTests" */;
			buildPhases = (
				3715BB9A42A953F8BB43C57A /* [CP] Check Pods Manifest.lock */,
				ED02CF831DBA1E0C0066330D /* Sources */,
				ED02CF841DBA1E0C0066330D /* Frameworks */,
				ED02CF851DBA1E0C0066330D /* Resources */,
				9EB7A1576568E132A275BE40 /* [CP] Embed Pods Frameworks */,
				031A59763A39DDB86769C978 /* [CP] Copy Pods Resources */,
			);
			buildRules = (
			);
			dependencies = (
				ED02CF891DBA1E0C0066330D /* PBXTargetDependency */,
			);
			name = "OC-TestbedTests";
			productName = "OC-TestbedTests";
			productReference = ED02CF871DBA1E0C0066330D /* OC-TestbedTests.xctest */;
			productType = "com.apple.product-type.bundle.unit-test";
		};
/* End PBXNativeTarget section */

/* Begin PBXProject section */
		ED02CF661DBA1E0C0066330D /* Project object */ = {
			isa = PBXProject;
			attributes = {
				LastUpgradeCheck = 0800;
				ORGANIZATIONNAME = Atos;
				TargetAttributes = {
					ED02CF6D1DBA1E0C0066330D = {
						CreatedOnToolsVersion = 8.0;
						DevelopmentTeam = 9WPUBDUDQ5;
						ProvisioningStyle = Automatic;
					};
					ED02CF861DBA1E0C0066330D = {
						CreatedOnToolsVersion = 8.0;
						DevelopmentTeam = 9WPUBDUDQ5;
						ProvisioningStyle = Automatic;
						TestTargetID = ED02CF6D1DBA1E0C0066330D;
					};
				};
			};
			buildConfigurationList = ED02CF691DBA1E0C0066330D /* Build configuration list for PBXProject "OC-Testbed" */;
			compatibilityVersion = "Xcode 3.2";
			developmentRegion = English;
			hasScannedForEncodings = 0;
			knownRegions = (
				en,
				Base,
			);
			mainGroup = ED02CF651DBA1E0C0066330D;
			productRefGroup = ED02CF6F1DBA1E0C0066330D /* Products */;
			projectDirPath = "";
			projectRoot = "";
			targets = (
				ED02CF6D1DBA1E0C0066330D /* OC-Testbed */,
				ED02CF861DBA1E0C0066330D /* OC-TestbedTests */,
			);
		};
/* End PBXProject section */

/* Begin PBXResourcesBuildPhase section */
		ED02CF6C1DBA1E0C0066330D /* Resources */ = {
			isa = PBXResourcesBuildPhase;
			buildActionMask = 2147483647;
			files = (
				ED02CF811DBA1E0C0066330D /* LaunchScreen.storyboard in Resources */,
				ED02CF7E1DBA1E0C0066330D /* Assets.xcassets in Resources */,
				ED02CF7C1DBA1E0C0066330D /* Main.storyboard in Resources */,
			);
			runOnlyForDeploymentPostprocessing = 0;
		};
		ED02CF851DBA1E0C0066330D /* Resources */ = {
			isa = PBXResourcesBuildPhase;
			buildActionMask = 2147483647;
			files = (
			);
			runOnlyForDeploymentPostprocessing = 0;
		};
/* End PBXResourcesBuildPhase section */

/* Begin PBXShellScriptBuildPhase section */
		031A59763A39DDB86769C978 /* [CP] Copy Pods Resources */ = {
			isa = PBXShellScriptBuildPhase;
			buildActionMask = 2147483647;
			files = (
			);
			inputPaths = (
			);
			name = "[CP] Copy Pods Resources";
			outputPaths = (
			);
			runOnlyForDeploymentPostprocessing = 0;
			shellPath = /bin/sh;
			shellScript = "\"${SRCROOT}/Pods/Target Support Files/Pods-OC-TestbedTests/Pods-OC-TestbedTests-resources.sh\"\n";
			showEnvVarsInLog = 0;
		};
		1FF8E8D600A6FDCB5B149EA0 /* [CP] Copy Pods Resources */ = {
			isa = PBXShellScriptBuildPhase;
			buildActionMask = 2147483647;
			files = (
			);
			inputPaths = (
			);
			name = "[CP] Copy Pods Resources";
			outputPaths = (
			);
			runOnlyForDeploymentPostprocessing = 0;
			shellPath = /bin/sh;
			shellScript = "\"${SRCROOT}/Pods/Target Support Files/Pods-OC-Testbed/Pods-OC-Testbed-resources.sh\"\n";
			showEnvVarsInLog = 0;
		};
		3715BB9A42A953F8BB43C57A /* [CP] Check Pods Manifest.lock */ = {
			isa = PBXShellScriptBuildPhase;
			buildActionMask = 2147483647;
			files = (
			);
			inputPaths = (
			);
			name = "[CP] Check Pods Manifest.lock";
			outputPaths = (
			);
			runOnlyForDeploymentPostprocessing = 0;
			shellPath = /bin/sh;
			shellScript = "diff \"${PODS_ROOT}/../Podfile.lock\" \"${PODS_ROOT}/Manifest.lock\" > /dev/null\nif [ $? != 0 ] ; then\n    # print error to STDERR\n    echo \"error: The sandbox is not in sync with the Podfile.lock. Run 'pod install' or update your CocoaPods installation.\" >&2\n    exit 1\nfi\n";
			showEnvVarsInLog = 0;
		};
		63D941B91EF4A13B10100E4E /* [CP] Check Pods Manifest.lock */ = {
			isa = PBXShellScriptBuildPhase;
			buildActionMask = 2147483647;
			files = (
			);
			inputPaths = (
			);
			name = "[CP] Check Pods Manifest.lock";
			outputPaths = (
			);
			runOnlyForDeploymentPostprocessing = 0;
			shellPath = /bin/sh;
			shellScript = "diff \"${PODS_ROOT}/../Podfile.lock\" \"${PODS_ROOT}/Manifest.lock\" > /dev/null\nif [ $? != 0 ] ; then\n    # print error to STDERR\n    echo \"error: The sandbox is not in sync with the Podfile.lock. Run 'pod install' or update your CocoaPods installation.\" >&2\n    exit 1\nfi\n";
			showEnvVarsInLog = 0;
		};
		9EB7A1576568E132A275BE40 /* [CP] Embed Pods Frameworks */ = {
			isa = PBXShellScriptBuildPhase;
			buildActionMask = 2147483647;
			files = (
			);
			inputPaths = (
			);
			name = "[CP] Embed Pods Frameworks";
			outputPaths = (
			);
			runOnlyForDeploymentPostprocessing = 0;
			shellPath = /bin/sh;
			shellScript = "\"${SRCROOT}/Pods/Target Support Files/Pods-OC-TestbedTests/Pods-OC-TestbedTests-frameworks.sh\"\n";
			showEnvVarsInLog = 0;
		};
		DCF9A167A351D1988518897D /* [CP] Embed Pods Frameworks */ = {
			isa = PBXShellScriptBuildPhase;
			buildActionMask = 2147483647;
			files = (
			);
			inputPaths = (
			);
			name = "[CP] Embed Pods Frameworks";
			outputPaths = (
			);
			runOnlyForDeploymentPostprocessing = 0;
			shellPath = /bin/sh;
			shellScript = "\"${SRCROOT}/Pods/Target Support Files/Pods-OC-Testbed/Pods-OC-Testbed-frameworks.sh\"\n";
			showEnvVarsInLog = 0;
		};
/* End PBXShellScriptBuildPhase section */

/* Begin PBXSourcesBuildPhase section */
		ED02CF6A1DBA1E0C0066330D /* Sources */ = {
			isa = PBXSourcesBuildPhase;
			buildActionMask = 2147483647;
			files = (
				ED02CF791DBA1E0C0066330D /* TestViewController.m in Sources */,
				ED02CF761DBA1E0C0066330D /* AppDelegate.m in Sources */,
				ED02CF731DBA1E0C0066330D /* main.m in Sources */,
				ED02CF981DBA20C40066330D /* CapitalizeManager.m in Sources */,
			);
			runOnlyForDeploymentPostprocessing = 0;
		};
		ED02CF831DBA1E0C0066330D /* Sources */ = {
			isa = PBXSourcesBuildPhase;
			buildActionMask = 2147483647;
			files = (
				ED02CF8C1DBA1E0C0066330D /* OC_TestbedTests.m in Sources */,
			);
			runOnlyForDeploymentPostprocessing = 0;
		};
/* End PBXSourcesBuildPhase section */

/* Begin PBXTargetDependency section */
		ED02CF891DBA1E0C0066330D /* PBXTargetDependency */ = {
			isa = PBXTargetDependency;
			target = ED02CF6D1DBA1E0C0066330D /* OC-Testbed */;
			targetProxy = ED02CF881DBA1E0C0066330D /* PBXContainerItemProxy */;
		};
/* End PBXTargetDependency section */

/* Begin PBXVariantGroup section */
		ED02CF7A1DBA1E0C0066330D /* Main.storyboard */ = {
			isa = PBXVariantGroup;
			children = (
				ED02CF7B1DBA1E0C0066330D /* Base */,
			);
			name = Main.storyboard;
			sourceTree = "<group>";
		};
		ED02CF7F1DBA1E0C0066330D /* LaunchScreen.storyboard */ = {
			isa = PBXVariantGroup;
			children = (
				ED02CF801DBA1E0C0066330D /* Base */,
			);
			name = LaunchScreen.storyboard;
			sourceTree = "<group>";
		};
/* End PBXVariantGroup section */

/* Begin XCBuildConfiguration section */
		ED02CF8E1DBA1E0C0066330D /* Debug */ = {
			isa = XCBuildConfiguration;
			buildSettings = {
				ALWAYS_SEARCH_USER_PATHS = NO;
				CLANG_ANALYZER_NONNULL = YES;
				CLANG_CXX_LANGUAGE_STANDARD = "gnu++0x";
				CLANG_CXX_LIBRARY = "libc++";
				CLANG_ENABLE_MODULES = YES;
				CLANG_ENABLE_OBJC_ARC = YES;
				CLANG_WARN_BOOL_CONVERSION = YES;
				CLANG_WARN_CONSTANT_CONVERSION = YES;
				CLANG_WARN_DIRECT_OBJC_ISA_USAGE = YES_ERROR;
				CLANG_WARN_DOCUMENTATION_COMMENTS = YES;
				CLANG_WARN_EMPTY_BODY = YES;
				CLANG_WARN_ENUM_CONVERSION = YES;
				CLANG_WARN_INFINITE_RECURSION = YES;
				CLANG_WARN_INT_CONVERSION = YES;
				CLANG_WARN_OBJC_ROOT_CLASS = YES_ERROR;
				CLANG_WARN_SUSPICIOUS_MOVES = YES;
				CLANG_WARN_UNREACHABLE_CODE = YES;
				CLANG_WARN__DUPLICATE_METHOD_MATCH = YES;
				"CODE_SIGN_IDENTITY[sdk=iphoneos*]" = "iPhone Developer";
				COPY_PHASE_STRIP = NO;
				DEBUG_INFORMATION_FORMAT = dwarf;
				ENABLE_STRICT_OBJC_MSGSEND = YES;
				ENABLE_TESTABILITY = YES;
				GCC_C_LANGUAGE_STANDARD = gnu99;
				GCC_DYNAMIC_NO_PIC = NO;
				GCC_NO_COMMON_BLOCKS = YES;
				GCC_OPTIMIZATION_LEVEL = 0;
				GCC_PREPROCESSOR_DEFINITIONS = (
					"DEBUG=1",
					"$(inherited)",
				);
				GCC_WARN_64_TO_32_BIT_CONVERSION = YES;
				GCC_WARN_ABOUT_RETURN_TYPE = YES_ERROR;
				GCC_WARN_UNDECLARED_SELECTOR = YES;
				GCC_WARN_UNINITIALIZED_AUTOS = YES_AGGRESSIVE;
				GCC_WARN_UNUSED_FUNCTION = YES;
				GCC_WARN_UNUSED_VARIABLE = YES;
				IPHONEOS_DEPLOYMENT_TARGET = 10.0;
				MTL_ENABLE_DEBUG_INFO = YES;
				ONLY_ACTIVE_ARCH = YES;
				SDKROOT = iphoneos;
				TARGETED_DEVICE_FAMILY = "1,2";
			};
			name = Debug;
		};
		ED02CF8F1DBA1E0C0066330D /* Release */ = {
			isa = XCBuildConfiguration;
			buildSettings = {
				ALWAYS_SEARCH_USER_PATHS = NO;
				CLANG_ANALYZER_NONNULL = YES;
				CLANG_CXX_LANGUAGE_STANDARD = "gnu++0x";
				CLANG_CXX_LIBRARY = "libc++";
				CLANG_ENABLE_MODULES = YES;
				CLANG_ENABLE_OBJC_ARC = YES;
				CLANG_WARN_BOOL_CONVERSION = YES;
				CLANG_WARN_CONSTANT_CONVERSION = YES;
				CLANG_WARN_DIRECT_OBJC_ISA_USAGE = YES_ERROR;
				CLANG_WARN_DOCUMENTATION_COMMENTS = YES;
				CLANG_WARN_EMPTY_BODY = YES;
				CLANG_WARN_ENUM_CONVERSION = YES;
				CLANG_WARN_INFINITE_RECURSION = YES;
				CLANG_WARN_INT_CONVERSION = YES;
				CLANG_WARN_OBJC_ROOT_CLASS = YES_ERROR;
				CLANG_WARN_SUSPICIOUS_MOVES = YES;
				CLANG_WARN_UNREACHABLE_CODE = YES;
				CLANG_WARN__DUPLICATE_METHOD_MATCH = YES;
				"CODE_SIGN_IDENTITY[sdk=iphoneos*]" = "iPhone Developer";
				COPY_PHASE_STRIP = NO;
				DEBUG_INFORMATION_FORMAT = "dwarf-with-dsym";
				ENABLE_NS_ASSERTIONS = NO;
				ENABLE_STRICT_OBJC_MSGSEND = YES;
				GCC_C_LANGUAGE_STANDARD = gnu99;
				GCC_NO_COMMON_BLOCKS = YES;
				GCC_WARN_64_TO_32_BIT_CONVERSION = YES;
				GCC_WARN_ABOUT_RETURN_TYPE = YES_ERROR;
				GCC_WARN_UNDECLARED_SELECTOR = YES;
				GCC_WARN_UNINITIALIZED_AUTOS = YES_AGGRESSIVE;
				GCC_WARN_UNUSED_FUNCTION = YES;
				GCC_WARN_UNUSED_VARIABLE = YES;
				IPHONEOS_DEPLOYMENT_TARGET = 10.0;
				MTL_ENABLE_DEBUG_INFO = NO;
				SDKROOT = iphoneos;
				TARGETED_DEVICE_FAMILY = "1,2";
				VALIDATE_PRODUCT = YES;
			};
			name = Release;
		};
		ED02CF911DBA1E0C0066330D /* Debug */ = {
			isa = XCBuildConfiguration;
			baseConfigurationReference = 73C4807DA2D512BB63E7B118 /* Pods-OC-Testbed.debug.xcconfig */;
			buildSettings = {
				ASSETCATALOG_COMPILER_APPICON_NAME = AppIcon;
				DEVELOPMENT_TEAM = 9WPUBDUDQ5;
				INFOPLIST_FILE = "OC-Testbed/Info.plist";
				LD_RUNPATH_SEARCH_PATHS = "$(inherited) @executable_path/Frameworks";
				PRODUCT_BUNDLE_IDENTIFIER = "net.atos.mobile.OC-Testbed";
				PRODUCT_NAME = "$(TARGET_NAME)";
			};
			name = Debug;
		};
		ED02CF921DBA1E0C0066330D /* Release */ = {
			isa = XCBuildConfiguration;
			baseConfigurationReference = 12DE0264EE6C934BD8655635 /* Pods-OC-Testbed.release.xcconfig */;
			buildSettings = {
				ASSETCATALOG_COMPILER_APPICON_NAME = AppIcon;
				DEVELOPMENT_TEAM = 9WPUBDUDQ5;
				INFOPLIST_FILE = "OC-Testbed/Info.plist";
				LD_RUNPATH_SEARCH_PATHS = "$(inherited) @executable_path/Frameworks";
				PRODUCT_BUNDLE_IDENTIFIER = "net.atos.mobile.OC-Testbed";
				PRODUCT_NAME = "$(TARGET_NAME)";
			};
			name = Release;
		};
		ED02CF941DBA1E0C0066330D /* Debug */ = {
			isa = XCBuildConfiguration;
			baseConfigurationReference = 659D4681F847A86775D8597C /* Pods-OC-TestbedTests.debug.xcconfig */;
			buildSettings = {
				BUNDLE_LOADER = "$(TEST_HOST)";
				DEVELOPMENT_TEAM = 9WPUBDUDQ5;
				INFOPLIST_FILE = "OC-TestbedTests/Info.plist";
				LD_RUNPATH_SEARCH_PATHS = "$(inherited) @executable_path/Frameworks @loader_path/Frameworks";
				PRODUCT_BUNDLE_IDENTIFIER = "net.atos.mobile.OC-TestbedTests";
				PRODUCT_NAME = "$(TARGET_NAME)";
				TEST_HOST = "$(BUILT_PRODUCTS_DIR)/OC-Testbed.app/OC-Testbed";
			};
			name = Debug;
		};
		ED02CF951DBA1E0C0066330D /* Release */ = {
			isa = XCBuildConfiguration;
			baseConfigurationReference = FADA307B993E513FEC6085C6 /* Pods-OC-TestbedTests.release.xcconfig */;
			buildSettings = {
				BUNDLE_LOADER = "$(TEST_HOST)";
				DEVELOPMENT_TEAM = 9WPUBDUDQ5;
				INFOPLIST_FILE = "OC-TestbedTests/Info.plist";
				LD_RUNPATH_SEARCH_PATHS = "$(inherited) @executable_path/Frameworks @loader_path/Frameworks";
				PRODUCT_BUNDLE_IDENTIFIER = "net.atos.mobile.OC-TestbedTests";
				PRODUCT_NAME = "$(TARGET_NAME)";
				TEST_HOST = "$(BUILT_PRODUCTS_DIR)/OC-Testbed.app/OC-Testbed";
			};
			name = Release;
		};
/* End XCBuildConfiguration section */

/* Begin XCConfigurationList section */
		ED02CF691DBA1E0C0066330D /* Build configuration list for PBXProject "OC-Testbed" */ = {
			isa = XCConfigurationList;
			buildConfigurations = (
				ED02CF8E1DBA1E0C0066330D /* Debug */,
				ED02CF8F1DBA1E0C0066330D /* Release */,
			);
			defaultConfigurationIsVisible = 0;
			defaultConfigurationName = Release;
		};
		ED02CF901DBA1E0C0066330D /* Build configuration list for PBXNativeTarget "OC-Testbed" */ = {
			isa = XCConfigurationList;
			buildConfigurations = (
				ED02CF911DBA1E0C0066330D /* Debug */,
				ED02CF921DBA1E0C0066330D /* Release */,
			);
			defaultConfigurationIsVisible = 0;
			defaultConfigurationName = Release;
		};
		ED02CF931DBA1E0C0066330D /* Build configuration list for PBXNativeTarget "OC-TestbedTests" */ = {
			isa = XCConfigurationList;
			buildConfigurations = (
				ED02CF941DBA1E0C0066330D /* Debug */,
				ED02CF951DBA1E0C0066330D /* Release */,
			);
			defaultConfigurationIsVisible = 0;
			defaultConfigurationName = Release;
		};
/* End XCConfigurationList section */
	};
	rootObject = ED02CF661DBA1E0C0066330D /* Project object */;
}
